// !$*UTF8*$!
{
	archiveVersion = 1;
	classes = {
	};
	objectVersion = 50;
	objects = {

/* Begin PBXBuildFile section */
		E0F5A863214925E500588C54 /* AppDelegate.swift in Sources */ = {isa = PBXBuildFile; fileRef = E0F5A862214925E500588C54 /* AppDelegate.swift */; };
		E0F5A865214925E500588C54 /* ViewController.swift in Sources */ = {isa = PBXBuildFile; fileRef = E0F5A864214925E500588C54 /* ViewController.swift */; };
		E0F5A868214925E500588C54 /* Main.storyboard in Resources */ = {isa = PBXBuildFile; fileRef = E0F5A866214925E500588C54 /* Main.storyboard */; };
		E0F5A86A214925E600588C54 /* Assets.xcassets in Resources */ = {isa = PBXBuildFile; fileRef = E0F5A869214925E600588C54 /* Assets.xcassets */; };
		E0F5A86D214925E600588C54 /* LaunchScreen.storyboard in Resources */ = {isa = PBXBuildFile; fileRef = E0F5A86B214925E600588C54 /* LaunchScreen.storyboard */; };
		E0F5A878214925E600588C54 /* demo1Tests.swift in Sources */ = {isa = PBXBuildFile; fileRef = E0F5A877214925E600588C54 /* demo1Tests.swift */; };
		E0F5A883214925E600588C54 /* demo1UITests.swift in Sources */ = {isa = PBXBuildFile; fileRef = E0F5A882214925E600588C54 /* demo1UITests.swift */; };
/* End PBXBuildFile section */

/* Begin PBXContainerItemProxy section */
		E0F5A874214925E600588C54 /* PBXContainerItemProxy */ = {
			isa = PBXContainerItemProxy;
			containerPortal = E0F5A857214925E500588C54 /* Project object */;
			proxyType = 1;
			remoteGlobalIDString = E0F5A85E214925E500588C54;
			remoteInfo = demo1;
		};
		E0F5A87F214925E600588C54 /* PBXContainerItemProxy */ = {
			isa = PBXContainerItemProxy;
			containerPortal = E0F5A857214925E500588C54 /* Project object */;
			proxyType = 1;
			remoteGlobalIDString = E0F5A85E214925E500588C54;
			remoteInfo = demo1;
		};
/* End PBXContainerItemProxy section */

/* Begin PBXFileReference section */
		E0F5A85F214925E500588C54 /* demo1.app */ = {isa = PBXFileReference; explicitFileType = wrapper.application; includeInIndex = 0; path = demo1.app; sourceTree = BUILT_PRODUCTS_DIR; };
		E0F5A862214925E500588C54 /* AppDelegate.swift */ = {isa = PBXFileReference; lastKnownFileType = sourcecode.swift; path = AppDelegate.swift; sourceTree = "<group>"; };
		E0F5A864214925E500588C54 /* ViewController.swift */ = {isa = PBXFileReference; lastKnownFileType = sourcecode.swift; path = ViewController.swift; sourceTree = "<group>"; };
		E0F5A867214925E500588C54 /* Base */ = {isa = PBXFileReference; lastKnownFileType = file.storyboard; name = Base; path = Base.lproj/Main.storyboard; sourceTree = "<group>"; };
		E0F5A869214925E600588C54 /* Assets.xcassets */ = {isa = PBXFileReference; lastKnownFileType = folder.assetcatalog; path = Assets.xcassets; sourceTree = "<group>"; };
		E0F5A86C214925E600588C54 /* Base */ = {isa = PBXFileReference; lastKnownFileType = file.storyboard; name = Base; path = Base.lproj/LaunchScreen.storyboard; sourceTree = "<group>"; };
		E0F5A86E214925E600588C54 /* Info.plist */ = {isa = PBXFileReference; lastKnownFileType = text.plist.xml; path = Info.plist; sourceTree = "<group>"; };
		E0F5A873214925E600588C54 /* demo1Tests.xctest */ = {isa = PBXFileReference; explicitFileType = wrapper.cfbundle; includeInIndex = 0; path = demo1Tests.xctest; sourceTree = BUILT_PRODUCTS_DIR; };
		E0F5A877214925E600588C54 /* demo1Tests.swift */ = {isa = PBXFileReference; lastKnownFileType = sourcecode.swift; path = demo1Tests.swift; sourceTree = "<group>"; };
		E0F5A879214925E600588C54 /* Info.plist */ = {isa = PBXFileReference; lastKnownFileType = text.plist.xml; path = Info.plist; sourceTree = "<group>"; };
		E0F5A87E214925E600588C54 /* demo1UITests.xctest */ = {isa = PBXFileReference; explicitFileType = wrapper.cfbundle; includeInIndex = 0; path = demo1UITests.xctest; sourceTree = BUILT_PRODUCTS_DIR; };
		E0F5A882214925E600588C54 /* demo1UITests.swift */ = {isa = PBXFileReference; lastKnownFileType = sourcecode.swift; path = demo1UITests.swift; sourceTree = "<group>"; };
		E0F5A884214925E600588C54 /* Info.plist */ = {isa = PBXFileReference; lastKnownFileType = text.plist.xml; path = Info.plist; sourceTree = "<group>"; };
/* End PBXFileReference section */

/* Begin PBXFrameworksBuildPhase section */
		E0F5A85C214925E500588C54 /* Frameworks */ = {
			isa = PBXFrameworksBuildPhase;
			buildActionMask = 2147483647;
			files = (
			);
			runOnlyForDeploymentPostprocessing = 0;
		};
		E0F5A870214925E600588C54 /* Frameworks */ = {
			isa = PBXFrameworksBuildPhase;
			buildActionMask = 2147483647;
			files = (
			);
			runOnlyForDeploymentPostprocessing = 0;
		};
		E0F5A87B214925E600588C54 /* Frameworks */ = {
			isa = PBXFrameworksBuildPhase;
			buildActionMask = 2147483647;
			files = (
			);
			runOnlyForDeploymentPostprocessing = 0;
		};
/* End PBXFrameworksBuildPhase section */

/* Begin PBXGroup section */
		E0F5A856214925E500588C54 = {
			isa = PBXGroup;
			children = (
				E0F5A861214925E500588C54 /* demo1 */,
				E0F5A876214925E600588C54 /* demo1Tests */,
				E0F5A881214925E600588C54 /* demo1UITests */,
				E0F5A860214925E500588C54 /* Products */,
			);
			sourceTree = "<group>";
			usesTabs = 0;
		};
		E0F5A860214925E500588C54 /* Products */ = {
			isa = PBXGroup;
			children = (
				E0F5A85F214925E500588C54 /* demo1.app */,
				E0F5A873214925E600588C54 /* demo1Tests.xctest */,
				E0F5A87E214925E600588C54 /* demo1UITests.xctest */,
			);
			name = Products;
			sourceTree = "<group>";
		};
		E0F5A861214925E500588C54 /* demo1 */ = {
			isa = PBXGroup;
			children = (
				E0F5A862214925E500588C54 /* AppDelegate.swift */,
				E0F5A864214925E500588C54 /* ViewController.swift */,
				E0F5A866214925E500588C54 /* Main.storyboard */,
				E0F5A869214925E600588C54 /* Assets.xcassets */,
				E0F5A86B214925E600588C54 /* LaunchScreen.storyboard */,
				E0F5A86E214925E600588C54 /* Info.plist */,
			);
			path = demo1;
			sourceTree = "<group>";
		};
		E0F5A876214925E600588C54 /* demo1Tests */ = {
			isa = PBXGroup;
			children = (
				E0F5A877214925E600588C54 /* demo1Tests.swift */,
				E0F5A879214925E600588C54 /* Info.plist */,
			);
			path = demo1Tests;
			sourceTree = "<group>";
		};
		E0F5A881214925E600588C54 /* demo1UITests */ = {
			isa = PBXGroup;
			children = (
				E0F5A882214925E600588C54 /* demo1UITests.swift */,
				E0F5A884214925E600588C54 /* Info.plist */,
			);
			path = demo1UITests;
			sourceTree = "<group>";
		};
/* End PBXGroup section */

/* Begin PBXNativeTarget section */
		E0F5A85E214925E500588C54 /* demo1 */ = {
			isa = PBXNativeTarget;
			buildConfigurationList = E0F5A887214925E600588C54 /* Build configuration list for PBXNativeTarget "demo1" */;
			buildPhases = (
				E0F5A85B214925E500588C54 /* Sources */,
				E0F5A85C214925E500588C54 /* Frameworks */,
				E0F5A85D214925E500588C54 /* Resources */,
			);
			buildRules = (
			);
			dependencies = (
			);
			name = demo1;
			productName = demo1;
			productReference = E0F5A85F214925E500588C54 /* demo1.app */;
			productType = "com.apple.product-type.application";
		};
		E0F5A872214925E600588C54 /* demo1Tests */ = {
			isa = PBXNativeTarget;
			buildConfigurationList = E0F5A88A214925E600588C54 /* Build configuration list for PBXNativeTarget "demo1Tests" */;
			buildPhases = (
				E0F5A86F214925E600588C54 /* Sources */,
				E0F5A870214925E600588C54 /* Frameworks */,
				E0F5A871214925E600588C54 /* Resources */,
			);
			buildRules = (
			);
			dependencies = (
				E0F5A875214925E600588C54 /* PBXTargetDependency */,
			);
			name = demo1Tests;
			productName = demo1Tests;
			productReference = E0F5A873214925E600588C54 /* demo1Tests.xctest */;
			productType = "com.apple.product-type.bundle.unit-test";
		};
		E0F5A87D214925E600588C54 /* demo1UITests */ = {
			isa = PBXNativeTarget;
			buildConfigurationList = E0F5A88D214925E600588C54 /* Build configuration list for PBXNativeTarget "demo1UITests" */;
			buildPhases = (
				E0F5A87A214925E600588C54 /* Sources */,
				E0F5A87B214925E600588C54 /* Frameworks */,
				E0F5A87C214925E600588C54 /* Resources */,
			);
			buildRules = (
			);
			dependencies = (
				E0F5A880214925E600588C54 /* PBXTargetDependency */,
			);
			name = demo1UITests;
			productName = demo1UITests;
			productReference = E0F5A87E214925E600588C54 /* demo1UITests.xctest */;
			productType = "com.apple.product-type.bundle.ui-testing";
		};
/* End PBXNativeTarget section */

/* Begin PBXProject section */
		E0F5A857214925E500588C54 /* Project object */ = {
			isa = PBXProject;
			attributes = {
				LastSwiftUpdateCheck = 0930;
				LastUpgradeCheck = 0930;
				ORGANIZATIONNAME = yang.zhang;
				TargetAttributes = {
					E0F5A85E214925E500588C54 = {
						CreatedOnToolsVersion = 9.3;
					};
					E0F5A872214925E600588C54 = {
						CreatedOnToolsVersion = 9.3;
						TestTargetID = E0F5A85E214925E500588C54;
					};
					E0F5A87D214925E600588C54 = {
						CreatedOnToolsVersion = 9.3;
						TestTargetID = E0F5A85E214925E500588C54;
					};
				};
			};
			buildConfigurationList = E0F5A85A214925E500588C54 /* Build configuration list for PBXProject "demo1" */;
			compatibilityVersion = "Xcode 9.3";
			developmentRegion = en;
			hasScannedForEncodings = 0;
			knownRegions = (
				en,
				Base,
			);
			mainGroup = E0F5A856214925E500588C54;
			productRefGroup = E0F5A860214925E500588C54 /* Products */;
			projectDirPath = "";
			projectRoot = "";
			targets = (
				E0F5A85E214925E500588C54 /* demo1 */,
				E0F5A872214925E600588C54 /* demo1Tests */,
				E0F5A87D214925E600588C54 /* demo1UITests */,
			);
		};
/* End PBXProject section */

/* Begin PBXResourcesBuildPhase section */
		E0F5A85D214925E500588C54 /* Resources */ = {
			isa = PBXResourcesBuildPhase;
			buildActionMask = 2147483647;
			files = (
				E0F5A86D214925E600588C54 /* LaunchScreen.storyboard in Resources */,
				E0F5A86A214925E600588C54 /* Assets.xcassets in Resources */,
				E0F5A868214925E500588C54 /* Main.storyboard in Resources */,
			);
			runOnlyForDeploymentPostprocessing = 0;
		};
		E0F5A871214925E600588C54 /* Resources */ = {
			isa = PBXResourcesBuildPhase;
			buildActionMask = 2147483647;
			files = (
			);
			runOnlyForDeploymentPostprocessing = 0;
		};
		E0F5A87C214925E600588C54 /* Resources */ = {
			isa = PBXResourcesBuildPhase;
			buildActionMask = 2147483647;
			files = (
			);
			runOnlyForDeploymentPostprocessing = 0;
		};
/* End PBXResourcesBuildPhase section */

/* Begin PBXSourcesBuildPhase section */
		E0F5A85B214925E500588C54 /* Sources */ = {
			isa = PBXSourcesBuildPhase;
			buildActionMask = 2147483647;
			files = (
				E0F5A865214925E500588C54 /* ViewController.swift in Sources */,
				E0F5A863214925E500588C54 /* AppDelegate.swift in Sources */,
			);
			runOnlyForDeploymentPostprocessing = 0;
		};
		E0F5A86F214925E600588C54 /* Sources */ = {
			isa = PBXSourcesBuildPhase;
			buildActionMask = 2147483647;
			files = (
				E0F5A878214925E600588C54 /* demo1Tests.swift in Sources */,
			);
			runOnlyForDeploymentPostprocessing = 0;
		};
		E0F5A87A214925E600588C54 /* Sources */ = {
			isa = PBXSourcesBuildPhase;
			buildActionMask = 2147483647;
			files = (
				E0F5A883214925E600588C54 /* demo1UITests.swift in Sources */,
			);
			runOnlyForDeploymentPostprocessing = 0;
		};
/* End PBXSourcesBuildPhase section */

/* Begin PBXTargetDependency section */
		E0F5A875214925E600588C54 /* PBXTargetDependency */ = {
			isa = PBXTargetDependency;
			target = E0F5A85E214925E500588C54 /* demo1 */;
			targetProxy = E0F5A874214925E600588C54 /* PBXContainerItemProxy */;
		};
		E0F5A880214925E600588C54 /* PBXTargetDependency */ = {
			isa = PBXTargetDependency;
			target = E0F5A85E214925E500588C54 /* demo1 */;
			targetProxy = E0F5A87F214925E600588C54 /* PBXContainerItemProxy */;
		};
/* End PBXTargetDependency section */

/* Begin PBXVariantGroup section */
		E0F5A866214925E500588C54 /* Main.storyboard */ = {
			isa = PBXVariantGroup;
			children = (
				E0F5A867214925E500588C54 /* Base */,
			);
			name = Main.storyboard;
			sourceTree = "<group>";
		};
		E0F5A86B214925E600588C54 /* LaunchScreen.storyboard */ = {
			isa = PBXVariantGroup;
			children = (
				E0F5A86C214925E600588C54 /* Base */,
			);
			name = LaunchScreen.storyboard;
			sourceTree = "<group>";
		};
/* End PBXVariantGroup section */

/* Begin XCBuildConfiguration section */
		E0F5A885214925E600588C54 /* Debug */ = {
			isa = XCBuildConfiguration;
			buildSettings = {
				ALWAYS_SEARCH_USER_PATHS = NO;
				CLANG_ANALYZER_NONNULL = YES;
				CLANG_ANALYZER_NUMBER_OBJECT_CONVERSION = YES_AGGRESSIVE;
				CLANG_CXX_LANGUAGE_STANDARD = "gnu++14";
				CLANG_CXX_LIBRARY = "libc++";
				CLANG_ENABLE_MODULES = YES;
				CLANG_ENABLE_OBJC_ARC = YES;
				CLANG_ENABLE_OBJC_WEAK = YES;
				CLANG_WARN_BLOCK_CAPTURE_AUTORELEASING = YES;
				CLANG_WARN_BOOL_CONVERSION = YES;
				CLANG_WARN_COMMA = YES;
				CLANG_WARN_CONSTANT_CONVERSION = YES;
				CLANG_WARN_DEPRECATED_OBJC_IMPLEMENTATIONS = YES;
				CLANG_WARN_DIRECT_OBJC_ISA_USAGE = YES_ERROR;
				CLANG_WARN_DOCUMENTATION_COMMENTS = YES;
				CLANG_WARN_EMPTY_BODY = YES;
				CLANG_WARN_ENUM_CONVERSION = YES;
				CLANG_WARN_INFINITE_RECURSION = YES;
				CLANG_WARN_INT_CONVERSION = YES;
				CLANG_WARN_NON_LITERAL_NULL_CONVERSION = YES;
				CLANG_WARN_OBJC_IMPLICIT_RETAIN_SELF = YES;
				CLANG_WARN_OBJC_LITERAL_CONVERSION = YES;
				CLANG_WARN_OBJC_ROOT_CLASS = YES_ERROR;
				CLANG_WARN_RANGE_LOOP_ANALYSIS = YES;
				CLANG_WARN_STRICT_PROTOTYPES = YES;
				CLANG_WARN_SUSPICIOUS_MOVE = YES;
				CLANG_WARN_UNGUARDED_AVAILABILITY = YES_AGGRESSIVE;
				CLANG_WARN_UNREACHABLE_CODE = YES;
				CLANG_WARN__DUPLICATE_METHOD_MATCH = YES;
				CODE_SIGN_IDENTITY = "iPhone Developer";
				COPY_PHASE_STRIP = NO;
				DEBUG_INFORMATION_FORMAT = dwarf;
				ENABLE_STRICT_OBJC_MSGSEND = YES;
				ENABLE_TESTABILITY = YES;
				GCC_C_LANGUAGE_STANDARD = gnu11;
				GCC_DYNAMIC_NO_PIC = NO;
				GCC_NO_COMMON_BLOCKS = YES;
				GCC_OPTIMIZATION_LEVEL = 0;
				GCC_PREPROCESSOR_DEFINITIONS = (
					"DEBUG=1",
					"$(inherited)",
				);
				GCC_WARN_64_TO_32_BIT_CONVERSION = YES;
				GCC_WARN_ABOUT_RETURN_TYPE = YES_ERROR;
				GCC_WARN_UNDECLARED_SELECTOR = YES;
				GCC_WARN_UNINITIALIZED_AUTOS = YES_AGGRESSIVE;
				GCC_WARN_UNUSED_FUNCTION = YES;
				GCC_WARN_UNUSED_VARIABLE = YES;
				IPHONEOS_DEPLOYMENT_TARGET = 11.3;
				MTL_ENABLE_DEBUG_INFO = YES;
				ONLY_ACTIVE_ARCH = YES;
				SDKROOT = iphoneos;
				SWIFT_ACTIVE_COMPILATION_CONDITIONS = DEBUG;
				SWIFT_OPTIMIZATION_LEVEL = "-Onone";
			};
			name = Debug;
		};
		E0F5A886214925E600588C54 /* Release */ = {
			isa = XCBuildConfiguration;
			buildSettings = {
				ALWAYS_SEARCH_USER_PATHS = NO;
				CLANG_ANALYZER_NONNULL = YES;
				CLANG_ANALYZER_NUMBER_OBJECT_CONVERSION = YES_AGGRESSIVE;
				CLANG_CXX_LANGUAGE_STANDARD = "gnu++14";
				CLANG_CXX_LIBRARY = "libc++";
				CLANG_ENABLE_MODULES = YES;
				CLANG_ENABLE_OBJC_ARC = YES;
				CLANG_ENABLE_OBJC_WEAK = YES;
				CLANG_WARN_BLOCK_CAPTURE_AUTORELEASING = YES;
				CLANG_WARN_BOOL_CONVERSION = YES;
				CLANG_WARN_COMMA = YES;
				CLANG_WARN_CONSTANT_CONVERSION = YES;
				CLANG_WARN_DEPRECATED_OBJC_IMPLEMENTATIONS = YES;
				CLANG_WARN_DIRECT_OBJC_ISA_USAGE = YES_ERROR;
				CLANG_WARN_DOCUMENTATION_COMMENTS = YES;
				CLANG_WARN_EMPTY_BODY = YES;
				CLANG_WARN_ENUM_CONVERSION = YES;
				CLANG_WARN_INFINITE_RECURSION = YES;
				CLANG_WARN_INT_CONVERSION = YES;
				CLANG_WARN_NON_LITERAL_NULL_CONVERSION = YES;
				CLANG_WARN_OBJC_IMPLICIT_RETAIN_SELF = YES;
				CLANG_WARN_OBJC_LITERAL_CONVERSION = YES;
				CLANG_WARN_OBJC_ROOT_CLASS = YES_ERROR;
				CLANG_WARN_RANGE_LOOP_ANALYSIS = YES;
				CLANG_WARN_STRICT_PROTOTYPES = YES;
				CLANG_WARN_SUSPICIOUS_MOVE = YES;
				CLANG_WARN_UNGUARDED_AVAILABILITY = YES_AGGRESSIVE;
				CLANG_WARN_UNREACHABLE_CODE = YES;
				CLANG_WARN__DUPLICATE_METHOD_MATCH = YES;
				CODE_SIGN_IDENTITY = "iPhone Developer";
				COPY_PHASE_STRIP = NO;
				DEBUG_INFORMATION_FORMAT = "dwarf-with-dsym";
				ENABLE_NS_ASSERTIONS = NO;
				ENABLE_STRICT_OBJC_MSGSEND = YES;
				GCC_C_LANGUAGE_STANDARD = gnu11;
				GCC_NO_COMMON_BLOCKS = YES;
				GCC_WARN_64_TO_32_BIT_CONVERSION = YES;
				GCC_WARN_ABOUT_RETURN_TYPE = YES_ERROR;
				GCC_WARN_UNDECLARED_SELECTOR = YES;
				GCC_WARN_UNINITIALIZED_AUTOS = YES_AGGRESSIVE;
				GCC_WARN_UNUSED_FUNCTION = YES;
				GCC_WARN_UNUSED_VARIABLE = YES;
				IPHONEOS_DEPLOYMENT_TARGET = 11.3;
				MTL_ENABLE_DEBUG_INFO = NO;
				SDKROOT = iphoneos;
				SWIFT_COMPILATION_MODE = wholemodule;
				SWIFT_OPTIMIZATION_LEVEL = "-O";
				VALIDATE_PRODUCT = YES;
			};
			name = Release;
		};
		E0F5A888214925E600588C54 /* Debug */ = {
			isa = XCBuildConfiguration;
			buildSettings = {
				ASSETCATALOG_COMPILER_APPICON_NAME = AppIcon;
				CODE_SIGN_STYLE = Automatic;
				INFOPLIST_FILE = demo1/Info.plist;
				LD_RUNPATH_SEARCH_PATHS = (
					"$(inherited)",
					"@executable_path/Frameworks",
				);
				PRODUCT_BUNDLE_IDENTIFIER = snayan.demo1;
				PRODUCT_NAME = "$(TARGET_NAME)";
				SWIFT_VERSION = 4.0;
				TARGETED_DEVICE_FAMILY = 1;
			};
			name = Debug;
		};
		E0F5A889214925E600588C54 /* Release */ = {
			isa = XCBuildConfiguration;
			buildSettings = {
				ASSETCATALOG_COMPILER_APPICON_NAME = AppIcon;
				CODE_SIGN_STYLE = Automatic;
				INFOPLIST_FILE = demo1/Info.plist;
				LD_RUNPATH_SEARCH_PATHS = (
					"$(inherited)",
					"@executable_path/Frameworks",
				);
				PRODUCT_BUNDLE_IDENTIFIER = snayan.demo1;
				PRODUCT_NAME = "$(TARGET_NAME)";
				SWIFT_VERSION = 4.0;
				TARGETED_DEVICE_FAMILY = 1;
			};
			name = Release;
		};
		E0F5A88B214925E600588C54 /* Debug */ = {
			isa = XCBuildConfiguration;
			buildSettings = {
				ALWAYS_EMBED_SWIFT_STANDARD_LIBRARIES = YES;
				BUNDLE_LOADER = "$(TEST_HOST)";
				CODE_SIGN_STYLE = Automatic;
				INFOPLIST_FILE = demo1Tests/Info.plist;
				LD_RUNPATH_SEARCH_PATHS = (
					"$(inherited)",
					"@executable_path/Frameworks",
					"@loader_path/Frameworks",
				);
				PRODUCT_BUNDLE_IDENTIFIER = snayan.demo1Tests;
				PRODUCT_NAME = "$(TARGET_NAME)";
				SWIFT_VERSION = 4.0;
				TARGETED_DEVICE_FAMILY = "1,2";
				TEST_HOST = "$(BUILT_PRODUCTS_DIR)/demo1.app/demo1";
			};
			name = Debug;
		};
		E0F5A88C214925E600588C54 /* Release */ = {
			isa = XCBuildConfiguration;
			buildSettings = {
				ALWAYS_EMBED_SWIFT_STANDARD_LIBRARIES = YES;
				BUNDLE_LOADER = "$(TEST_HOST)";
				CODE_SIGN_STYLE = Automatic;
				INFOPLIST_FILE = demo1Tests/Info.plist;
				LD_RUNPATH_SEARCH_PATHS = (
					"$(inherited)",
					"@executable_path/Frameworks",
					"@loader_path/Frameworks",
				);
				PRODUCT_BUNDLE_IDENTIFIER = snayan.demo1Tests;
				PRODUCT_NAME = "$(TARGET_NAME)";
				SWIFT_VERSION = 4.0;
				TARGETED_DEVICE_FAMILY = "1,2";
				TEST_HOST = "$(BUILT_PRODUCTS_DIR)/demo1.app/demo1";
			};
			name = Release;
		};
		E0F5A88E214925E600588C54 /* Debug */ = {
			isa = XCBuildConfiguration;
			buildSettings = {
				ALWAYS_EMBED_SWIFT_STANDARD_LIBRARIES = YES;
				CODE_SIGN_STYLE = Automatic;
				INFOPLIST_FILE = demo1UITests/Info.plist;
				LD_RUNPATH_SEARCH_PATHS = (
					"$(inherited)",
					"@executable_path/Frameworks",
					"@loader_path/Frameworks",
				);
				PRODUCT_BUNDLE_IDENTIFIER = snayan.demo1UITests;
				PRODUCT_NAME = "$(TARGET_NAME)";
				SWIFT_VERSION = 4.0;
				TARGETED_DEVICE_FAMILY = "1,2";
				TEST_TARGET_NAME = demo1;
			};
			name = Debug;
		};
		E0F5A88F214925E600588C54 /* Release */ = {
			isa = XCBuildConfiguration;
			buildSettings = {
				ALWAYS_EMBED_SWIFT_STANDARD_LIBRARIES = YES;
				CODE_SIGN_STYLE = Automatic;
				INFOPLIST_FILE = demo1UITests/Info.plist;
				LD_RUNPATH_SEARCH_PATHS = (
					"$(inherited)",
					"@executable_path/Frameworks",
					"@loader_path/Frameworks",
				);
				PRODUCT_BUNDLE_IDENTIFIER = snayan.demo1UITests;
				PRODUCT_NAME = "$(TARGET_NAME)";
				SWIFT_VERSION = 4.0;
				TARGETED_DEVICE_FAMILY = "1,2";
				TEST_TARGET_NAME = demo1;
			};
			name = Release;
		};
/* End XCBuildConfiguration section */

/* Begin XCConfigurationList section */
		E0F5A85A214925E500588C54 /* Build configuration list for PBXProject "demo1" */ = {
			isa = XCConfigurationList;
			buildConfigurations = (
				E0F5A885214925E600588C54 /* Debug */,
				E0F5A886214925E600588C54 /* Release */,
			);
			defaultConfigurationIsVisible = 0;
			defaultConfigurationName = Release;
		};
		E0F5A887214925E600588C54 /* Build configuration list for PBXNativeTarget "demo1" */ = {
			isa = XCConfigurationList;
			buildConfigurations = (
				E0F5A888214925E600588C54 /* Debug */,
				E0F5A889214925E600588C54 /* Release */,
			);
			defaultConfigurationIsVisible = 0;
			defaultConfigurationName = Release;
		};
		E0F5A88A214925E600588C54 /* Build configuration list for PBXNativeTarget "demo1Tests" */ = {
			isa = XCConfigurationList;
			buildConfigurations = (
				E0F5A88B214925E600588C54 /* Debug */,
				E0F5A88C214925E600588C54 /* Release */,
			);
			defaultConfigurationIsVisible = 0;
			defaultConfigurationName = Release;
		};
		E0F5A88D214925E600588C54 /* Build configuration list for PBXNativeTarget "demo1UITests" */ = {
			isa = XCConfigurationList;
			buildConfigurations = (
				E0F5A88E214925E600588C54 /* Debug */,
				E0F5A88F214925E600588C54 /* Release */,
			);
			defaultConfigurationIsVisible = 0;
			defaultConfigurationName = Release;
		};
/* End XCConfigurationList section */
	};
	rootObject = E0F5A857214925E500588C54 /* Project object */;
}
